github.com/open-telemetry/opentelemetry-go-compile-instrumentation/pkg v0.0.0-20251114091432-696aafd122b3 h1:aKlE1r2trNK/cWtB6n39ALYvBdTrCb+jzeHRSaQSjhM=
github.com/open-telemetry/opentelemetry-go-compile-instrumentation/pkg v0.0.0-20251114091432-696aafd122b3/go.mod h1:bh6h/DRFNGk+tD5T8obFCFwdOVP16tzIiQWCYk1AWc0=
